
Microsoft Visual Studio Solution File, Format Version 12.00
# Visual Studio Version 17
VisualStudioVersion = 17.5.002.0
MinimumVisualStudioVersion = 10.0.40219.1
Project("{9A19103F-16F7-4668-BE54-9A1E7A4F7556}") = "test", "test.csproj", "{9C6F2F59-A842-4E71-9DAF-4080D188CA86}"
EndProject
Global
	GlobalSection(SolutionConfigurationPlatforms) = preSolution
		Debug|Any CPU = Debug|Any CPU
		Release|Any CPU = Release|Any CPU
	EndGlobalSection
	GlobalSection(ProjectConfigurationPlatforms) = postSolution
		{9C6F2F59-A842-4E71-9DAF-4080D188CA86}.Debug|Any CPU.ActiveCfg = Debug|Any CPU
		{9C6F2F59-A842-4E71-9DAF-4080D188CA86}.Debug|Any CPU.Build.0 = Debug|Any CPU
		{9C6F2F59-A842-4E71-9DAF-4080D188CA86}.Release|Any CPU.ActiveCfg = Release|Any CPU
		{9C6F2F59-A842-4E71-9DAF-4080D188CA86}.Release|Any CPU.Build.0 = Release|Any CPU
	EndGlobalSection
	GlobalSection(SolutionProperties) = preSolution
		HideSolutionNode = FALSE
	EndGlobalSection
	GlobalSection(ExtensibilityGlobals) = postSolution
		SolutionGuid = {6306EF32-8A8E-4240-82A0-6DCEA3741A10}
	EndGlobalSection
EndGlobal
